
Microsoft Visual Studio Solution File, Format Version 12.00
# Visual Studio 14
VisualStudioVersion = 14.0.25420.1
MinimumVisualStudioVersion = 10.0.40219.1
Project("{FAE04EC0-301F-11D3-BF4B-00C04F79EFBC}") = "LGBTFinder", "LGBTFinder\LGBTFinder.csproj", "{7552FF4B-FED2-4A91-B52A-DD9A2DF70040}"
EndProject
Project("{FAE04EC0-301F-11D3-BF4B-00C04F79EFBC}") = "LGBTFinder.Tests", "LGBTFinder.Tests\LGBTFinder.Tests.csproj", "{1015072E-596D-456A-9E99-C47AB33D7B45}"
EndProject
Global
	GlobalSection(SolutionConfigurationPlatforms) = preSolution
		Debug|Any CPU = Debug|Any CPU
		Release|Any CPU = Release|Any CPU
	EndGlobalSection
	GlobalSection(ProjectConfigurationPlatforms) = postSolution
		{7552FF4B-FED2-4A91-B52A-DD9A2DF70040}.Debug|Any CPU.ActiveCfg = Debug|Any CPU
		{7552FF4B-FED2-4A91-B52A-DD9A2DF70040}.Debug|Any CPU.Build.0 = Debug|Any CPU
		{7552FF4B-FED2-4A91-B52A-DD9A2DF70040}.Release|Any CPU.ActiveCfg = Release|Any CPU
		{7552FF4B-FED2-4A91-B52A-DD9A2DF70040}.Release|Any CPU.Build.0 = Release|Any CPU
		{1015072E-596D-456A-9E99-C47AB33D7B45}.Debug|Any CPU.ActiveCfg = Debug|Any CPU
		{1015072E-596D-456A-9E99-C47AB33D7B45}.Debug|Any CPU.Build.0 = Debug|Any CPU
		{1015072E-596D-456A-9E99-C47AB33D7B45}.Release|Any CPU.ActiveCfg = Release|Any CPU
		{1015072E-596D-456A-9E99-C47AB33D7B45}.Release|Any CPU.Build.0 = Release|Any CPU
	EndGlobalSection
	GlobalSection(SolutionProperties) = preSolution
		HideSolutionNode = FALSE
	EndGlobalSection
EndGlobal
